// !$*UTF8*$!
{
	archiveVersion = 1;
	classes = {
	};
	objectVersion = 46;
	objects = {

/* Begin PBXBuildFile section */
		CE6EA1481A8C003C007416E1 /* AppDelegate.swift in Sources */ = {isa = PBXBuildFile; fileRef = CE6EA1471A8C003C007416E1 /* AppDelegate.swift */; };
		CE6EA14A1A8C003C007416E1 /* ViewController.swift in Sources */ = {isa = PBXBuildFile; fileRef = CE6EA1491A8C003C007416E1 /* ViewController.swift */; };
		CE6EA14D1A8C003C007416E1 /* Main.storyboard in Resources */ = {isa = PBXBuildFile; fileRef = CE6EA14B1A8C003C007416E1 /* Main.storyboard */; };
		CE6EA14F1A8C003C007416E1 /* Images.xcassets in Resources */ = {isa = PBXBuildFile; fileRef = CE6EA14E1A8C003C007416E1 /* Images.xcassets */; };
		CE6EA1521A8C003C007416E1 /* LaunchScreen.xib in Resources */ = {isa = PBXBuildFile; fileRef = CE6EA1501A8C003C007416E1 /* LaunchScreen.xib */; };
		CE6EA15E1A8C003D007416E1 /* tip_calculatorTests.swift in Sources */ = {isa = PBXBuildFile; fileRef = CE6EA15D1A8C003D007416E1 /* tip_calculatorTests.swift */; };
/* End PBXBuildFile section */

/* Begin PBXContainerItemProxy section */
		CE6EA1581A8C003D007416E1 /* PBXContainerItemProxy */ = {
			isa = PBXContainerItemProxy;
			containerPortal = CE6EA13A1A8C003C007416E1 /* Project object */;
			proxyType = 1;
			remoteGlobalIDString = CE6EA1411A8C003C007416E1;
			remoteInfo = "tip calculator";
		};
/* End PBXContainerItemProxy section */

/* Begin PBXFileReference section */
		CE6EA1421A8C003C007416E1 /* tip calculator.app */ = {isa = PBXFileReference; explicitFileType = wrapper.application; includeInIndex = 0; path = "tip calculator.app"; sourceTree = BUILT_PRODUCTS_DIR; };
		CE6EA1461A8C003C007416E1 /* Info.plist */ = {isa = PBXFileReference; lastKnownFileType = text.plist.xml; path = Info.plist; sourceTree = "<group>"; };
		CE6EA1471A8C003C007416E1 /* AppDelegate.swift */ = {isa = PBXFileReference; lastKnownFileType = sourcecode.swift; path = AppDelegate.swift; sourceTree = "<group>"; };
		CE6EA1491A8C003C007416E1 /* ViewController.swift */ = {isa = PBXFileReference; lastKnownFileType = sourcecode.swift; path = ViewController.swift; sourceTree = "<group>"; };
		CE6EA14C1A8C003C007416E1 /* Base */ = {isa = PBXFileReference; lastKnownFileType = file.storyboard; name = Base; path = Base.lproj/Main.storyboard; sourceTree = "<group>"; };
		CE6EA14E1A8C003C007416E1 /* Images.xcassets */ = {isa = PBXFileReference; lastKnownFileType = folder.assetcatalog; path = Images.xcassets; sourceTree = "<group>"; };
		CE6EA1511A8C003C007416E1 /* Base */ = {isa = PBXFileReference; lastKnownFileType = file.xib; name = Base; path = Base.lproj/LaunchScreen.xib; sourceTree = "<group>"; };
		CE6EA1571A8C003D007416E1 /* tip calculatorTests.xctest */ = {isa = PBXFileReference; explicitFileType = wrapper.cfbundle; includeInIndex = 0; path = "tip calculatorTests.xctest"; sourceTree = BUILT_PRODUCTS_DIR; };
		CE6EA15C1A8C003D007416E1 /* Info.plist */ = {isa = PBXFileReference; lastKnownFileType = text.plist.xml; path = Info.plist; sourceTree = "<group>"; };
		CE6EA15D1A8C003D007416E1 /* tip_calculatorTests.swift */ = {isa = PBXFileReference; lastKnownFileType = sourcecode.swift; path = tip_calculatorTests.swift; sourceTree = "<group>"; };
/* End PBXFileReference section */

/* Begin PBXFrameworksBuildPhase section */
		CE6EA13F1A8C003C007416E1 /* Frameworks */ = {
			isa = PBXFrameworksBuildPhase;
			buildActionMask = 2147483647;
			files = (
			);
			runOnlyForDeploymentPostprocessing = 0;
		};
		CE6EA1541A8C003D007416E1 /* Frameworks */ = {
			isa = PBXFrameworksBuildPhase;
			buildActionMask = 2147483647;
			files = (
			);
			runOnlyForDeploymentPostprocessing = 0;
		};
/* End PBXFrameworksBuildPhase section */

/* Begin PBXGroup section */
		CE6EA1391A8C003C007416E1 = {
			isa = PBXGroup;
			children = (
				CE6EA1441A8C003C007416E1 /* tip calculator */,
				CE6EA15A1A8C003D007416E1 /* tip calculatorTests */,
				CE6EA1431A8C003C007416E1 /* Products */,
			);
			sourceTree = "<group>";
		};
		CE6EA1431A8C003C007416E1 /* Products */ = {
			isa = PBXGroup;
			children = (
				CE6EA1421A8C003C007416E1 /* tip calculator.app */,
				CE6EA1571A8C003D007416E1 /* tip calculatorTests.xctest */,
			);
			name = Products;
			sourceTree = "<group>";
		};
		CE6EA1441A8C003C007416E1 /* tip calculator */ = {
			isa = PBXGroup;
			children = (
				CE6EA1471A8C003C007416E1 /* AppDelegate.swift */,
				CE6EA1491A8C003C007416E1 /* ViewController.swift */,
				CE6EA14B1A8C003C007416E1 /* Main.storyboard */,
				CE6EA14E1A8C003C007416E1 /* Images.xcassets */,
				CE6EA1501A8C003C007416E1 /* LaunchScreen.xib */,
				CE6EA1451A8C003C007416E1 /* Supporting Files */,
			);
			path = "tip calculator";
			sourceTree = "<group>";
		};
		CE6EA1451A8C003C007416E1 /* Supporting Files */ = {
			isa = PBXGroup;
			children = (
				CE6EA1461A8C003C007416E1 /* Info.plist */,
			);
			name = "Supporting Files";
			sourceTree = "<group>";
		};
		CE6EA15A1A8C003D007416E1 /* tip calculatorTests */ = {
			isa = PBXGroup;
			children = (
				CE6EA15D1A8C003D007416E1 /* tip_calculatorTests.swift */,
				CE6EA15B1A8C003D007416E1 /* Supporting Files */,
			);
			path = "tip calculatorTests";
			sourceTree = "<group>";
		};
		CE6EA15B1A8C003D007416E1 /* Supporting Files */ = {
			isa = PBXGroup;
			children = (
				CE6EA15C1A8C003D007416E1 /* Info.plist */,
			);
			name = "Supporting Files";
			sourceTree = "<group>";
		};
/* End PBXGroup section */

/* Begin PBXNativeTarget section */
		CE6EA1411A8C003C007416E1 /* tip calculator */ = {
			isa = PBXNativeTarget;
			buildConfigurationList = CE6EA1611A8C003D007416E1 /* Build configuration list for PBXNativeTarget "tip calculator" */;
			buildPhases = (
				CE6EA13E1A8C003C007416E1 /* Sources */,
				CE6EA13F1A8C003C007416E1 /* Frameworks */,
				CE6EA1401A8C003C007416E1 /* Resources */,
			);
			buildRules = (
			);
			dependencies = (
			);
			name = "tip calculator";
			productName = "tip calculator";
			productReference = CE6EA1421A8C003C007416E1 /* tip calculator.app */;
			productType = "com.apple.product-type.application";
		};
		CE6EA1561A8C003D007416E1 /* tip calculatorTests */ = {
			isa = PBXNativeTarget;
			buildConfigurationList = CE6EA1641A8C003D007416E1 /* Build configuration list for PBXNativeTarget "tip calculatorTests" */;
			buildPhases = (
				CE6EA1531A8C003D007416E1 /* Sources */,
				CE6EA1541A8C003D007416E1 /* Frameworks */,
				CE6EA1551A8C003D007416E1 /* Resources */,
			);
			buildRules = (
			);
			dependencies = (
				CE6EA1591A8C003D007416E1 /* PBXTargetDependency */,
			);
			name = "tip calculatorTests";
			productName = "tip calculatorTests";
			productReference = CE6EA1571A8C003D007416E1 /* tip calculatorTests.xctest */;
			productType = "com.apple.product-type.bundle.unit-test";
		};
/* End PBXNativeTarget section */

/* Begin PBXProject section */
		CE6EA13A1A8C003C007416E1 /* Project object */ = {
			isa = PBXProject;
			attributes = {
				LastUpgradeCheck = 0610;
				ORGANIZATIONNAME = Susannah;
				TargetAttributes = {
					CE6EA1411A8C003C007416E1 = {
						CreatedOnToolsVersion = 6.1.1;
					};
					CE6EA1561A8C003D007416E1 = {
						CreatedOnToolsVersion = 6.1.1;
						TestTargetID = CE6EA1411A8C003C007416E1;
					};
				};
			};
			buildConfigurationList = CE6EA13D1A8C003C007416E1 /* Build configuration list for PBXProject "tip calculator" */;
			compatibilityVersion = "Xcode 3.2";
			developmentRegion = English;
			hasScannedForEncodings = 0;
			knownRegions = (
				en,
				Base,
			);
			mainGroup = CE6EA1391A8C003C007416E1;
			productRefGroup = CE6EA1431A8C003C007416E1 /* Products */;
			projectDirPath = "";
			projectRoot = "";
			targets = (
				CE6EA1411A8C003C007416E1 /* tip calculator */,
				CE6EA1561A8C003D007416E1 /* tip calculatorTests */,
			);
		};
/* End PBXProject section */

/* Begin PBXResourcesBuildPhase section */
		CE6EA1401A8C003C007416E1 /* Resources */ = {
			isa = PBXResourcesBuildPhase;
			buildActionMask = 2147483647;
			files = (
				CE6EA14D1A8C003C007416E1 /* Main.storyboard in Resources */,
				CE6EA1521A8C003C007416E1 /* LaunchScreen.xib in Resources */,
				CE6EA14F1A8C003C007416E1 /* Images.xcassets in Resources */,
			);
			runOnlyForDeploymentPostprocessing = 0;
		};
		CE6EA1551A8C003D007416E1 /* Resources */ = {
			isa = PBXResourcesBuildPhase;
			buildActionMask = 2147483647;
			files = (
			);
			runOnlyForDeploymentPostprocessing = 0;
		};
/* End PBXResourcesBuildPhase section */

/* Begin PBXSourcesBuildPhase section */
		CE6EA13E1A8C003C007416E1 /* Sources */ = {
			isa = PBXSourcesBuildPhase;
			buildActionMask = 2147483647;
			files = (
				CE6EA14A1A8C003C007416E1 /* ViewController.swift in Sources */,
				CE6EA1481A8C003C007416E1 /* AppDelegate.swift in Sources */,
			);
			runOnlyForDeploymentPostprocessing = 0;
		};
		CE6EA1531A8C003D007416E1 /* Sources */ = {
			isa = PBXSourcesBuildPhase;
			buildActionMask = 2147483647;
			files = (
				CE6EA15E1A8C003D007416E1 /* tip_calculatorTests.swift in Sources */,
			);
			runOnlyForDeploymentPostprocessing = 0;
		};
/* End PBXSourcesBuildPhase section */

/* Begin PBXTargetDependency section */
		CE6EA1591A8C003D007416E1 /* PBXTargetDependency */ = {
			isa = PBXTargetDependency;
			target = CE6EA1411A8C003C007416E1 /* tip calculator */;
			targetProxy = CE6EA1581A8C003D007416E1 /* PBXContainerItemProxy */;
		};
/* End PBXTargetDependency section */

/* Begin PBXVariantGroup section */
		CE6EA14B1A8C003C007416E1 /* Main.storyboard */ = {
			isa = PBXVariantGroup;
			children = (
				CE6EA14C1A8C003C007416E1 /* Base */,
			);
			name = Main.storyboard;
			sourceTree = "<group>";
		};
		CE6EA1501A8C003C007416E1 /* LaunchScreen.xib */ = {
			isa = PBXVariantGroup;
			children = (
				CE6EA1511A8C003C007416E1 /* Base */,
			);
			name = LaunchScreen.xib;
			sourceTree = "<group>";
		};
/* End PBXVariantGroup section */

/* Begin XCBuildConfiguration section */
		CE6EA15F1A8C003D007416E1 /* Debug */ = {
			isa = XCBuildConfiguration;
			buildSettings = {
				ALWAYS_SEARCH_USER_PATHS = NO;
				CLANG_CXX_LANGUAGE_STANDARD = "gnu++0x";
				CLANG_CXX_LIBRARY = "libc++";
				CLANG_ENABLE_MODULES = YES;
				CLANG_ENABLE_OBJC_ARC = YES;
				CLANG_WARN_BOOL_CONVERSION = YES;
				CLANG_WARN_CONSTANT_CONVERSION = YES;
				CLANG_WARN_DIRECT_OBJC_ISA_USAGE = YES_ERROR;
				CLANG_WARN_EMPTY_BODY = YES;
				CLANG_WARN_ENUM_CONVERSION = YES;
				CLANG_WARN_INT_CONVERSION = YES;
				CLANG_WARN_OBJC_ROOT_CLASS = YES_ERROR;
				CLANG_WARN_UNREACHABLE_CODE = YES;
				CLANG_WARN__DUPLICATE_METHOD_MATCH = YES;
				"CODE_SIGN_IDENTITY[sdk=iphoneos*]" = "iPhone Developer";
				COPY_PHASE_STRIP = NO;
				ENABLE_STRICT_OBJC_MSGSEND = YES;
				GCC_C_LANGUAGE_STANDARD = gnu99;
				GCC_DYNAMIC_NO_PIC = NO;
				GCC_OPTIMIZATION_LEVEL = 0;
				GCC_PREPROCESSOR_DEFINITIONS = (
					"DEBUG=1",
					"$(inherited)",
				);
				GCC_SYMBOLS_PRIVATE_EXTERN = NO;
				GCC_WARN_64_TO_32_BIT_CONVERSION = YES;
				GCC_WARN_ABOUT_RETURN_TYPE = YES_ERROR;
				GCC_WARN_UNDECLARED_SELECTOR = YES;
				GCC_WARN_UNINITIALIZED_AUTOS = YES_AGGRESSIVE;
				GCC_WARN_UNUSED_FUNCTION = YES;
				GCC_WARN_UNUSED_VARIABLE = YES;
				IPHONEOS_DEPLOYMENT_TARGET = 8.1;
				MTL_ENABLE_DEBUG_INFO = YES;
				ONLY_ACTIVE_ARCH = YES;
				SDKROOT = iphoneos;
				SWIFT_OPTIMIZATION_LEVEL = "-Onone";
			};
			name = Debug;
		};
		CE6EA1601A8C003D007416E1 /* Release */ = {
			isa = XCBuildConfiguration;
			buildSettings = {
				ALWAYS_SEARCH_USER_PATHS = NO;
				CLANG_CXX_LANGUAGE_STANDARD = "gnu++0x";
				CLANG_CXX_LIBRARY = "libc++";
				CLANG_ENABLE_MODULES = YES;
				CLANG_ENABLE_OBJC_ARC = YES;
				CLANG_WARN_BOOL_CONVERSION = YES;
				CLANG_WARN_CONSTANT_CONVERSION = YES;
				CLANG_WARN_DIRECT_OBJC_ISA_USAGE = YES_ERROR;
				CLANG_WARN_EMPTY_BODY = YES;
				CLANG_WARN_ENUM_CONVERSION = YES;
				CLANG_WARN_INT_CONVERSION = YES;
				CLANG_WARN_OBJC_ROOT_CLASS = YES_ERROR;
				CLANG_WARN_UNREACHABLE_CODE = YES;
				CLANG_WARN__DUPLICATE_METHOD_MATCH = YES;
				"CODE_SIGN_IDENTITY[sdk=iphoneos*]" = "iPhone Developer";
				COPY_PHASE_STRIP = YES;
				ENABLE_NS_ASSERTIONS = NO;
				ENABLE_STRICT_OBJC_MSGSEND = YES;
				GCC_C_LANGUAGE_STANDARD = gnu99;
				GCC_WARN_64_TO_32_BIT_CONVERSION = YES;
				GCC_WARN_ABOUT_RETURN_TYPE = YES_ERROR;
				GCC_WARN_UNDECLARED_SELECTOR = YES;
				GCC_WARN_UNINITIALIZED_AUTOS = YES_AGGRESSIVE;
				GCC_WARN_UNUSED_FUNCTION = YES;
				GCC_WARN_UNUSED_VARIABLE = YES;
				IPHONEOS_DEPLOYMENT_TARGET = 8.1;
				MTL_ENABLE_DEBUG_INFO = NO;
				SDKROOT = iphoneos;
				VALIDATE_PRODUCT = YES;
			};
			name = Release;
		};
		CE6EA1621A8C003D007416E1 /* Debug */ = {
			isa = XCBuildConfiguration;
			buildSettings = {
				ASSETCATALOG_COMPILER_APPICON_NAME = AppIcon;
				INFOPLIST_FILE = "tip calculator/Info.plist";
				LD_RUNPATH_SEARCH_PATHS = "$(inherited) @executable_path/Frameworks";
				PRODUCT_NAME = "$(TARGET_NAME)";
			};
			name = Debug;
		};
		CE6EA1631A8C003D007416E1 /* Release */ = {
			isa = XCBuildConfiguration;
			buildSettings = {
				ASSETCATALOG_COMPILER_APPICON_NAME = AppIcon;
				INFOPLIST_FILE = "tip calculator/Info.plist";
				LD_RUNPATH_SEARCH_PATHS = "$(inherited) @executable_path/Frameworks";
				PRODUCT_NAME = "$(TARGET_NAME)";
			};
			name = Release;
		};
		CE6EA1651A8C003D007416E1 /* Debug */ = {
			isa = XCBuildConfiguration;
			buildSettings = {
				BUNDLE_LOADER = "$(TEST_HOST)";
				FRAMEWORK_SEARCH_PATHS = (
					"$(SDKROOT)/Developer/Library/Frameworks",
					"$(inherited)",
				);
				GCC_PREPROCESSOR_DEFINITIONS = (
					"DEBUG=1",
					"$(inherited)",
				);
				INFOPLIST_FILE = "tip calculatorTests/Info.plist";
				LD_RUNPATH_SEARCH_PATHS = "$(inherited) @executable_path/Frameworks @loader_path/Frameworks";
				PRODUCT_NAME = "$(TARGET_NAME)";
				TEST_HOST = "$(BUILT_PRODUCTS_DIR)/tip calculator.app/tip calculator";
			};
			name = Debug;
		};
		CE6EA1661A8C003D007416E1 /* Release */ = {
			isa = XCBuildConfiguration;
			buildSettings = {
				BUNDLE_LOADER = "$(TEST_HOST)";
				FRAMEWORK_SEARCH_PATHS = (
					"$(SDKROOT)/Developer/Library/Frameworks",
					"$(inherited)",
				);
				INFOPLIST_FILE = "tip calculatorTests/Info.plist";
				LD_RUNPATH_SEARCH_PATHS = "$(inherited) @executable_path/Frameworks @loader_path/Frameworks";
				PRODUCT_NAME = "$(TARGET_NAME)";
				TEST_HOST = "$(BUILT_PRODUCTS_DIR)/tip calculator.app/tip calculator";
			};
			name = Release;
		};
/* End XCBuildConfiguration section */

/* Begin XCConfigurationList section */
		CE6EA13D1A8C003C007416E1 /* Build configuration list for PBXProject "tip calculator" */ = {
			isa = XCConfigurationList;
			buildConfigurations = (
				CE6EA15F1A8C003D007416E1 /* Debug */,
				CE6EA1601A8C003D007416E1 /* Release */,
			);
			defaultConfigurationIsVisible = 0;
			defaultConfigurationName = Release;
		};
		CE6EA1611A8C003D007416E1 /* Build configuration list for PBXNativeTarget "tip calculator" */ = {
			isa = XCConfigurationList;
			buildConfigurations = (
				CE6EA1621A8C003D007416E1 /* Debug */,
				CE6EA1631A8C003D007416E1 /* Release */,
			);
			defaultConfigurationIsVisible = 0;
		};
		CE6EA1641A8C003D007416E1 /* Build configuration list for PBXNativeTarget "tip calculatorTests" */ = {
			isa = XCConfigurationList;
			buildConfigurations = (
				CE6EA1651A8C003D007416E1 /* Debug */,
				CE6EA1661A8C003D007416E1 /* Release */,
			);
			defaultConfigurationIsVisible = 0;
		};
/* End XCConfigurationList section */
	};
	rootObject = CE6EA13A1A8C003C007416E1 /* Project object */;
}
